
Microsoft Visual Studio Solution File, Format Version 12.00
# Visual Studio Version 16
VisualStudioVersion = 16.0.30309.148
MinimumVisualStudioVersion = 10.0.40219.1
Project("{2150E333-8FDC-42A3-9474-1A3956D46DE8}") = "src", "src", "{524A5DDD-C5AC-4B93-9C7A-88B3329A6E31}"
EndProject
Project("{2150E333-8FDC-42A3-9474-1A3956D46DE8}") = "Catalog", "Catalog", "{E7E4BC20-0DD6-4773-AAFD-575EABF4E506}"
EndProject
Project("{9A19103F-16F7-4668-BE54-9A1E7A4F7556}") = "Catalog.API", "src\Catalog\Catalog.API\Catalog.API.csproj", "{D352D95C-7D71-48D0-A71B-5A7CD04A7DB3}"
EndProject
Project("{E53339B2-1760-4266-BCC7-CA923CBCF16C}") = "docker-compose", "docker-compose.dcproj", "{0F49FF7D-BEAF-4056-A129-BB09860F8269}"
EndProject
Project("{2150E333-8FDC-42A3-9474-1A3956D46DE8}") = "Basket", "Basket", "{726C0950-EB22-477E-9EB2-B2356B27CC7D}"
EndProject
Project("{9A19103F-16F7-4668-BE54-9A1E7A4F7556}") = "Basket.API", "src\Basket\Basket.API\Basket.API.csproj", "{D69C0FD5-44B6-4313-9BAE-83E0DA4FC920}"
EndProject
Project("{2150E333-8FDC-42A3-9474-1A3956D46DE8}") = "Common", "Common", "{447DBB37-A71D-4E98-B635-10CFB08E49B9}"
EndProject
Project("{9A19103F-16F7-4668-BE54-9A1E7A4F7556}") = "EventBusRabbitMQ", "src\Common\EventBusRabbitMQ\EventBusRabbitMQ.csproj", "{81DCA643-7E35-41F0-B45A-FE6FC9E6500D}"
EndProject
Project("{2150E333-8FDC-42A3-9474-1A3956D46DE8}") = "Ordering", "Ordering", "{D0D11206-2C93-4917-B6EB-F50A9974E5FA}"
EndProject
Project("{9A19103F-16F7-4668-BE54-9A1E7A4F7556}") = "Ordering.Core", "src\Ordering\Ordering.Core\Ordering.Core.csproj", "{C2AF6CA5-0AF8-45F9-AF53-3AD4A3CB5A89}"
EndProject
Project("{9A19103F-16F7-4668-BE54-9A1E7A4F7556}") = "Ordering.Infrastructure", "src\Ordering\Ordering.Infrastructure\Ordering.Infrastructure.csproj", "{3B176742-08F0-49A6-9022-F75DA3D6F07A}"
EndProject
Project("{9A19103F-16F7-4668-BE54-9A1E7A4F7556}") = "Ordering.Application", "src\Ordering\Ordering.Application\Ordering.Application.csproj", "{20429EF7-C527-4416-8B06-8EE0966E88ED}"
EndProject
Project("{9A19103F-16F7-4668-BE54-9A1E7A4F7556}") = "Ordering.API", "src\Ordering\Ordering.API\Ordering.API.csproj", "{E2E9E2E7-8A55-48FE-912A-D3F605C76082}"
EndProject
Project("{2150E333-8FDC-42A3-9474-1A3956D46DE8}") = "ApiGateway", "ApiGateway", "{3F7EFCB6-7C7A-4CEF-8EEF-3DB63C3B94CB}"
EndProject
Project("{9A19103F-16F7-4668-BE54-9A1E7A4F7556}") = "OcelotAPIGateway", "src\ApiGateway\OcelotAPIGateway\OcelotAPIGateway.csproj", "{38A576AF-7DF1-4A2E-AEAF-98028642BA4B}"
EndProject
Project("{2150E333-8FDC-42A3-9474-1A3956D46DE8}") = "WebApp", "WebApp", "{52E4C0D4-B2AC-48CE-9CC1-8529D44321BD}"
EndProject
Project("{9A19103F-16F7-4668-BE54-9A1E7A4F7556}") = "AspnetRunBasics", "src\WebApp\AspnetRunBasics\AspnetRunBasics.csproj", "{3B427803-7C81-441A-B96C-73FE2EFAE7BE}"
EndProject
Global
	GlobalSection(SolutionConfigurationPlatforms) = preSolution
		Debug|Any CPU = Debug|Any CPU
		Release|Any CPU = Release|Any CPU
	EndGlobalSection
	GlobalSection(ProjectConfigurationPlatforms) = postSolution
		{D352D95C-7D71-48D0-A71B-5A7CD04A7DB3}.Debug|Any CPU.ActiveCfg = Debug|Any CPU
		{D352D95C-7D71-48D0-A71B-5A7CD04A7DB3}.Debug|Any CPU.Build.0 = Debug|Any CPU
		{D352D95C-7D71-48D0-A71B-5A7CD04A7DB3}.Release|Any CPU.ActiveCfg = Release|Any CPU
		{D352D95C-7D71-48D0-A71B-5A7CD04A7DB3}.Release|Any CPU.Build.0 = Release|Any CPU
		{0F49FF7D-BEAF-4056-A129-BB09860F8269}.Debug|Any CPU.ActiveCfg = Debug|Any CPU
		{0F49FF7D-BEAF-4056-A129-BB09860F8269}.Debug|Any CPU.Build.0 = Debug|Any CPU
		{0F49FF7D-BEAF-4056-A129-BB09860F8269}.Release|Any CPU.ActiveCfg = Release|Any CPU
		{0F49FF7D-BEAF-4056-A129-BB09860F8269}.Release|Any CPU.Build.0 = Release|Any CPU
		{D69C0FD5-44B6-4313-9BAE-83E0DA4FC920}.Debug|Any CPU.ActiveCfg = Debug|Any CPU
		{D69C0FD5-44B6-4313-9BAE-83E0DA4FC920}.Debug|Any CPU.Build.0 = Debug|Any CPU
		{D69C0FD5-44B6-4313-9BAE-83E0DA4FC920}.Release|Any CPU.ActiveCfg = Release|Any CPU
		{D69C0FD5-44B6-4313-9BAE-83E0DA4FC920}.Release|Any CPU.Build.0 = Release|Any CPU
		{81DCA643-7E35-41F0-B45A-FE6FC9E6500D}.Debug|Any CPU.ActiveCfg = Debug|Any CPU
		{81DCA643-7E35-41F0-B45A-FE6FC9E6500D}.Debug|Any CPU.Build.0 = Debug|Any CPU
		{81DCA643-7E35-41F0-B45A-FE6FC9E6500D}.Release|Any CPU.ActiveCfg = Release|Any CPU
		{81DCA643-7E35-41F0-B45A-FE6FC9E6500D}.Release|Any CPU.Build.0 = Release|Any CPU
		{C2AF6CA5-0AF8-45F9-AF53-3AD4A3CB5A89}.Debug|Any CPU.ActiveCfg = Debug|Any CPU
		{C2AF6CA5-0AF8-45F9-AF53-3AD4A3CB5A89}.Debug|Any CPU.Build.0 = Debug|Any CPU
		{C2AF6CA5-0AF8-45F9-AF53-3AD4A3CB5A89}.Release|Any CPU.ActiveCfg = Release|Any CPU
		{C2AF6CA5-0AF8-45F9-AF53-3AD4A3CB5A89}.Release|Any CPU.Build.0 = Release|Any CPU
		{3B176742-08F0-49A6-9022-F75DA3D6F07A}.Debug|Any CPU.ActiveCfg = Debug|Any CPU
		{3B176742-08F0-49A6-9022-F75DA3D6F07A}.Debug|Any CPU.Build.0 = Debug|Any CPU
		{3B176742-08F0-49A6-9022-F75DA3D6F07A}.Release|Any CPU.ActiveCfg = Release|Any CPU
		{3B176742-08F0-49A6-9022-F75DA3D6F07A}.Release|Any CPU.Build.0 = Release|Any CPU
		{20429EF7-C527-4416-8B06-8EE0966E88ED}.Debug|Any CPU.ActiveCfg = Debug|Any CPU
		{20429EF7-C527-4416-8B06-8EE0966E88ED}.Debug|Any CPU.Build.0 = Debug|Any CPU
		{20429EF7-C527-4416-8B06-8EE0966E88ED}.Release|Any CPU.ActiveCfg = Release|Any CPU
		{20429EF7-C527-4416-8B06-8EE0966E88ED}.Release|Any CPU.Build.0 = Release|Any CPU
		{E2E9E2E7-8A55-48FE-912A-D3F605C76082}.Debug|Any CPU.ActiveCfg = Debug|Any CPU
		{E2E9E2E7-8A55-48FE-912A-D3F605C76082}.Debug|Any CPU.Build.0 = Debug|Any CPU
		{E2E9E2E7-8A55-48FE-912A-D3F605C76082}.Release|Any CPU.ActiveCfg = Release|Any CPU
		{E2E9E2E7-8A55-48FE-912A-D3F605C76082}.Release|Any CPU.Build.0 = Release|Any CPU
		{38A576AF-7DF1-4A2E-AEAF-98028642BA4B}.Debug|Any CPU.ActiveCfg = Debug|Any CPU
		{38A576AF-7DF1-4A2E-AEAF-98028642BA4B}.Debug|Any CPU.Build.0 = Debug|Any CPU
		{38A576AF-7DF1-4A2E-AEAF-98028642BA4B}.Release|Any CPU.ActiveCfg = Release|Any CPU
		{38A576AF-7DF1-4A2E-AEAF-98028642BA4B}.Release|Any CPU.Build.0 = Release|Any CPU
		{3B427803-7C81-441A-B96C-73FE2EFAE7BE}.Debug|Any CPU.ActiveCfg = Debug|Any CPU
		{3B427803-7C81-441A-B96C-73FE2EFAE7BE}.Debug|Any CPU.Build.0 = Debug|Any CPU
		{3B427803-7C81-441A-B96C-73FE2EFAE7BE}.Release|Any CPU.ActiveCfg = Release|Any CPU
		{3B427803-7C81-441A-B96C-73FE2EFAE7BE}.Release|Any CPU.Build.0 = Release|Any CPU
	EndGlobalSection
	GlobalSection(SolutionProperties) = preSolution
		HideSolutionNode = FALSE
	EndGlobalSection
	GlobalSection(NestedProjects) = preSolution
		{E7E4BC20-0DD6-4773-AAFD-575EABF4E506} = {524A5DDD-C5AC-4B93-9C7A-88B3329A6E31}
		{D352D95C-7D71-48D0-A71B-5A7CD04A7DB3} = {E7E4BC20-0DD6-4773-AAFD-575EABF4E506}
		{726C0950-EB22-477E-9EB2-B2356B27CC7D} = {524A5DDD-C5AC-4B93-9C7A-88B3329A6E31}
		{D69C0FD5-44B6-4313-9BAE-83E0DA4FC920} = {726C0950-EB22-477E-9EB2-B2356B27CC7D}
		{447DBB37-A71D-4E98-B635-10CFB08E49B9} = {524A5DDD-C5AC-4B93-9C7A-88B3329A6E31}
		{81DCA643-7E35-41F0-B45A-FE6FC9E6500D} = {447DBB37-A71D-4E98-B635-10CFB08E49B9}
		{D0D11206-2C93-4917-B6EB-F50A9974E5FA} = {524A5DDD-C5AC-4B93-9C7A-88B3329A6E31}
		{C2AF6CA5-0AF8-45F9-AF53-3AD4A3CB5A89} = {D0D11206-2C93-4917-B6EB-F50A9974E5FA}
		{3B176742-08F0-49A6-9022-F75DA3D6F07A} = {D0D11206-2C93-4917-B6EB-F50A9974E5FA}
		{20429EF7-C527-4416-8B06-8EE0966E88ED} = {D0D11206-2C93-4917-B6EB-F50A9974E5FA}
		{E2E9E2E7-8A55-48FE-912A-D3F605C76082} = {D0D11206-2C93-4917-B6EB-F50A9974E5FA}
		{3F7EFCB6-7C7A-4CEF-8EEF-3DB63C3B94CB} = {524A5DDD-C5AC-4B93-9C7A-88B3329A6E31}
		{38A576AF-7DF1-4A2E-AEAF-98028642BA4B} = {3F7EFCB6-7C7A-4CEF-8EEF-3DB63C3B94CB}
		{52E4C0D4-B2AC-48CE-9CC1-8529D44321BD} = {524A5DDD-C5AC-4B93-9C7A-88B3329A6E31}
		{3B427803-7C81-441A-B96C-73FE2EFAE7BE} = {52E4C0D4-B2AC-48CE-9CC1-8529D44321BD}
	EndGlobalSection
	GlobalSection(ExtensibilityGlobals) = postSolution
		SolutionGuid = {D25FFB15-6A28-45E4-8C2C-B39CFE15FF71}
	EndGlobalSection
EndGlobal
